
Microsoft Visual Studio Solution File, Format Version 12.00
# Visual Studio Version 16
VisualStudioVersion = 16.0.29806.167
MinimumVisualStudioVersion = 10.0.40219.1
Project("{8BC9CEB8-8B4A-11D0-8D11-00A0C91BC942}") = "chapter03", "chapter03\chapter03.vcxproj", "{5C31AB9D-9EB1-4ECC-B659-53B46880880C}"
EndProject
Project("{8BC9CEB8-8B4A-11D0-8D11-00A0C91BC942}") = "test_project01", "test_project01\test_project01.vcxproj", "{FA90BF7E-F098-404C-8237-51370F0F62B9}"
EndProject
Project("{8BC9CEB8-8B4A-11D0-8D11-00A0C91BC942}") = "chapter04", "chapter04\chapter04.vcxproj", "{3225305A-7A5B-4B24-86F5-8C0FDDC949AF}"
EndProject
Project("{8BC9CEB8-8B4A-11D0-8D11-00A0C91BC942}") = "chapter05", "chapter05\chapter05.vcxproj", "{C1EFA786-8557-4ACD-994E-DCED79DB1DE3}"
EndProject
Project("{8BC9CEB8-8B4A-11D0-8D11-00A0C91BC942}") = "chapter06", "chapter06\chapter06.vcxproj", "{E10253BE-F244-4510-AB1B-B90E7A6A4C17}"
EndProject
Project("{8BC9CEB8-8B4A-11D0-8D11-00A0C91BC942}") = "chapter07", "chapter07\chapter07.vcxproj", "{F1653A67-E7A4-43BF-9404-72D2247CFCDC}"
EndProject
Global
	GlobalSection(SolutionConfigurationPlatforms) = preSolution
		Debug|x64 = Debug|x64
		Debug|x86 = Debug|x86
		Release|x64 = Release|x64
		Release|x86 = Release|x86
	EndGlobalSection
	GlobalSection(ProjectConfigurationPlatforms) = postSolution
		{5C31AB9D-9EB1-4ECC-B659-53B46880880C}.Debug|x64.ActiveCfg = Debug|x64
		{5C31AB9D-9EB1-4ECC-B659-53B46880880C}.Debug|x64.Build.0 = Debug|x64
		{5C31AB9D-9EB1-4ECC-B659-53B46880880C}.Debug|x86.ActiveCfg = Debug|Win32
		{5C31AB9D-9EB1-4ECC-B659-53B46880880C}.Debug|x86.Build.0 = Debug|Win32
		{5C31AB9D-9EB1-4ECC-B659-53B46880880C}.Release|x64.ActiveCfg = Release|x64
		{5C31AB9D-9EB1-4ECC-B659-53B46880880C}.Release|x64.Build.0 = Release|x64
		{5C31AB9D-9EB1-4ECC-B659-53B46880880C}.Release|x86.ActiveCfg = Release|Win32
		{5C31AB9D-9EB1-4ECC-B659-53B46880880C}.Release|x86.Build.0 = Release|Win32
		{FA90BF7E-F098-404C-8237-51370F0F62B9}.Debug|x64.ActiveCfg = Debug|x64
		{FA90BF7E-F098-404C-8237-51370F0F62B9}.Debug|x64.Build.0 = Debug|x64
		{FA90BF7E-F098-404C-8237-51370F0F62B9}.Debug|x86.ActiveCfg = Debug|Win32
		{FA90BF7E-F098-404C-8237-51370F0F62B9}.Debug|x86.Build.0 = Debug|Win32
		{FA90BF7E-F098-404C-8237-51370F0F62B9}.Release|x64.ActiveCfg = Release|x64
		{FA90BF7E-F098-404C-8237-51370F0F62B9}.Release|x64.Build.0 = Release|x64
		{FA90BF7E-F098-404C-8237-51370F0F62B9}.Release|x86.ActiveCfg = Release|Win32
		{FA90BF7E-F098-404C-8237-51370F0F62B9}.Release|x86.Build.0 = Release|Win32
		{3225305A-7A5B-4B24-86F5-8C0FDDC949AF}.Debug|x64.ActiveCfg = Debug|x64
		{3225305A-7A5B-4B24-86F5-8C0FDDC949AF}.Debug|x64.Build.0 = Debug|x64
		{3225305A-7A5B-4B24-86F5-8C0FDDC949AF}.Debug|x86.ActiveCfg = Debug|Win32
		{3225305A-7A5B-4B24-86F5-8C0FDDC949AF}.Debug|x86.Build.0 = Debug|Win32
		{3225305A-7A5B-4B24-86F5-8C0FDDC949AF}.Release|x64.ActiveCfg = Release|x64
		{3225305A-7A5B-4B24-86F5-8C0FDDC949AF}.Release|x64.Build.0 = Release|x64
		{3225305A-7A5B-4B24-86F5-8C0FDDC949AF}.Release|x86.ActiveCfg = Release|Win32
		{3225305A-7A5B-4B24-86F5-8C0FDDC949AF}.Release|x86.Build.0 = Release|Win32
		{C1EFA786-8557-4ACD-994E-DCED79DB1DE3}.Debug|x64.ActiveCfg = Debug|x64
		{C1EFA786-8557-4ACD-994E-DCED79DB1DE3}.Debug|x64.Build.0 = Debug|x64
		{C1EFA786-8557-4ACD-994E-DCED79DB1DE3}.Debug|x86.ActiveCfg = Debug|Win32
		{C1EFA786-8557-4ACD-994E-DCED79DB1DE3}.Debug|x86.Build.0 = Debug|Win32
		{C1EFA786-8557-4ACD-994E-DCED79DB1DE3}.Release|x64.ActiveCfg = Release|x64
		{C1EFA786-8557-4ACD-994E-DCED79DB1DE3}.Release|x64.Build.0 = Release|x64
		{C1EFA786-8557-4ACD-994E-DCED79DB1DE3}.Release|x86.ActiveCfg = Release|Win32
		{C1EFA786-8557-4ACD-994E-DCED79DB1DE3}.Release|x86.Build.0 = Release|Win32
		{E10253BE-F244-4510-AB1B-B90E7A6A4C17}.Debug|x64.ActiveCfg = Debug|x64
		{E10253BE-F244-4510-AB1B-B90E7A6A4C17}.Debug|x64.Build.0 = Debug|x64
		{E10253BE-F244-4510-AB1B-B90E7A6A4C17}.Debug|x86.ActiveCfg = Debug|Win32
		{E10253BE-F244-4510-AB1B-B90E7A6A4C17}.Debug|x86.Build.0 = Debug|Win32
		{E10253BE-F244-4510-AB1B-B90E7A6A4C17}.Release|x64.ActiveCfg = Release|x64
		{E10253BE-F244-4510-AB1B-B90E7A6A4C17}.Release|x64.Build.0 = Release|x64
		{E10253BE-F244-4510-AB1B-B90E7A6A4C17}.Release|x86.ActiveCfg = Release|Win32
		{E10253BE-F244-4510-AB1B-B90E7A6A4C17}.Release|x86.Build.0 = Release|Win32
		{F1653A67-E7A4-43BF-9404-72D2247CFCDC}.Debug|x64.ActiveCfg = Debug|x64
		{F1653A67-E7A4-43BF-9404-72D2247CFCDC}.Debug|x64.Build.0 = Debug|x64
		{F1653A67-E7A4-43BF-9404-72D2247CFCDC}.Debug|x86.ActiveCfg = Debug|Win32
		{F1653A67-E7A4-43BF-9404-72D2247CFCDC}.Debug|x86.Build.0 = Debug|Win32
		{F1653A67-E7A4-43BF-9404-72D2247CFCDC}.Release|x64.ActiveCfg = Release|x64
		{F1653A67-E7A4-43BF-9404-72D2247CFCDC}.Release|x64.Build.0 = Release|x64
		{F1653A67-E7A4-43BF-9404-72D2247CFCDC}.Release|x86.ActiveCfg = Release|Win32
		{F1653A67-E7A4-43BF-9404-72D2247CFCDC}.Release|x86.Build.0 = Release|Win32
	EndGlobalSection
	GlobalSection(SolutionProperties) = preSolution
		HideSolutionNode = FALSE
	EndGlobalSection
	GlobalSection(ExtensibilityGlobals) = postSolution
		SolutionGuid = {23A21605-C72A-41C6-82A5-A05A87B8591F}
	EndGlobalSection
EndGlobal
